
Microsoft Visual Studio Solution File, Format Version 12.00
# Visual Studio 15
VisualStudioVersion = 15.0.27703.2026
MinimumVisualStudioVersion = 10.0.40219.1
Project("{FAE04EC0-301F-11D3-BF4B-00C04F79EFBC}") = "BusinessCard", "BusinessCard\BusinessCard.csproj", "{B86032E2-149A-430C-8C90-C16265827C41}"
EndProject
Global
	GlobalSection(SolutionConfigurationPlatforms) = preSolution
		Debug|Any CPU = Debug|Any CPU
		Release|Any CPU = Release|Any CPU
	EndGlobalSection
	GlobalSection(ProjectConfigurationPlatforms) = postSolution
		{B86032E2-149A-430C-8C90-C16265827C41}.Debug|Any CPU.ActiveCfg = Debug|Any CPU
		{B86032E2-149A-430C-8C90-C16265827C41}.Debug|Any CPU.Build.0 = Debug|Any CPU
		{B86032E2-149A-430C-8C90-C16265827C41}.Release|Any CPU.ActiveCfg = Release|Any CPU
		{B86032E2-149A-430C-8C90-C16265827C41}.Release|Any CPU.Build.0 = Release|Any CPU
	EndGlobalSection
	GlobalSection(SolutionProperties) = preSolution
		HideSolutionNode = FALSE
	EndGlobalSection
	GlobalSection(ExtensibilityGlobals) = postSolution
		SolutionGuid = {252359E4-04E9-4F2F-A1B0-A17E8EAF602C}
	EndGlobalSection
EndGlobal
